# THIS IS AN AUTOGENERATED FILE. DO NOT EDIT THIS FILE DIRECTLY.
# yarn lockfile v1


pixelmatch@^5.2.1:
  version "5.2.1"
  resolved "https://registry.yarnpkg.com/pixelmatch/-/pixelmatch-5.2.1.tgz#9e4e4f4aa59648208a31310306a5bed5522b0d65"
  integrity sha512-WjcAdYSnKrrdDdqTcVEY7aB7UhhwjYQKYhHiBXdJef0MOaQeYpUdQ+iVyBLa5YBKS8MPVPPMX7rpOByISLpeEQ==
  dependencies:
    pngjs "^4.0.1"

pngjs@^4.0.1:
  version "4.0.1"
  resolved "https://registry.yarnpkg.com/pngjs/-/pngjs-4.0.1.tgz#f803869bb2fc1bfe1bf99aa4ec21c108117cfdbe"
  integrity sha512-rf5+2/ioHeQxR6IxuYNYGFytUyG3lma/WW1nsmjeHlWwtb2aByla6dkVc8pmJ9nplzkTA0q2xx7mMWrOTqT4Gg==

pngjs@^5.0.0:
  version "5.0.0"
  resolved "https://registry.yarnpkg.com/pngjs/-/pngjs-5.0.0.tgz#e79dd2b215767fd9c04561c01236df960bce7fbb"
  integrity sha512-40QW5YalBNfQo5yRYmiw7Yz6TKKVr3h6970B2YE+3fQpsWcrbj1PzJgxeJ19DRQjhMbKPIuMY8rFaXc8moolVw==
