# THIS IS AN AUTOGENERATED FILE. DO NOT EDIT THIS FILE DIRECTLY.
# yarn lockfile v1


"uuencode@^0.0.4":
  "integrity" "sha512-yEEhCuCi5wRV7Z5ZVf9iV2gWMvUZqKJhAs1ecFdKJ0qzbyaVelmsE3QjYAamehfp9FKLiZbKldd+jklG3O0LfA=="
  "resolved" "https://registry.npmjs.org/uuencode/-/uuencode-0.0.4.tgz"
  "version" "0.0.4"
