# THIS IS AN AUTOGENERATED FILE. DO NOT EDIT THIS FILE DIRECTLY.
# yarn lockfile v1


ip@^1.1.5:
  version "1.1.5"
  resolved "https://registry.yarnpkg.com/ip/-/ip-1.1.5.tgz#bdded70114290828c0a039e72ef25f5aaec4354a"
  integrity sha1-vd7XARQpCCjAoDnnLvJfWq7ENUo=

node-fetch@^2.6.0:
  version "2.6.0"
  resolved "https://registry.yarnpkg.com/node-fetch/-/node-fetch-2.6.0.tgz#e633456386d4aa55863f676a7ab0daa8fdecb0fd"
  integrity sha512-8dG4H5ujfvFiqDmVu9fQ5bOHUC15JMjMY/Zumv26oOvvVJjM67KF8koCWIabKQ1GJIa9r2mMZscBq/TbdOcmNA==

simple-proxy-agent@^1.0.8:
  version "1.0.8"
  resolved "https://registry.yarnpkg.com/simple-proxy-agent/-/simple-proxy-agent-1.0.8.tgz#4e8ea06ba85a4045c39554a7ed880d2aa06d661d"
  integrity sha512-EwGRV17kJPUCT1P6GGq537P1nY9E7jGO2Z8yXpGg57jqOfJlAZmn4BZ7HMZqHLU5MKOkbbJhJVoAWo8nzhlTIw==
  dependencies:
    socks "^2.3.2"

smart-buffer@^4.1.0:
  version "4.1.0"
  resolved "https://registry.yarnpkg.com/smart-buffer/-/smart-buffer-4.1.0.tgz#91605c25d91652f4661ea69ccf45f1b331ca21ba"
  integrity sha512-iVICrxOzCynf/SNaBQCw34eM9jROU/s5rzIhpOvzhzuYHfJR/DhZfDkXiZSgKXfgv26HT3Yni3AV/DGw0cGnnw==

socks@^2.3.2:
  version "2.4.2"
  resolved "https://registry.yarnpkg.com/socks/-/socks-2.4.2.tgz#f19431c8e4faa06f245dbeed0a7b5d25bef37a1c"
  integrity sha512-cE6P9R+/CET9XhIMvqhRgaNT1GXKIahioMjwwhgYOd+8UQWP50rrFm+faqG/4xkZsjTdVeBYr0Tb246BSC9/fg==
  dependencies:
    ip "^1.1.5"
    smart-buffer "^4.1.0"
