{
  "name": "lorem-ipsum-japanese-tryout",
  "version": "1.0.0",
  "lockfileVersion": 1,
  "requires": true,
  "dependencies": {
    "lorem-ipsum-japanese": {
      "version": "1.0.1",
      "resolved": "https://registry.npmjs.org/lorem-ipsum-japanese/-/lorem-ipsum-japanese-1.0.1.tgz",
      "integrity": "sha1-KABavHnNFgrOrBwKEqQKg241b7I=",
      "requires": {
        "optimist": "~0.3.5"
      }
    },
    "optimist": {
      "version": "0.3.7",
      "resolved": "https://registry.npmjs.org/optimist/-/optimist-0.3.7.tgz",
      "integrity": "sha1-yQlBrVnkJzMokjB00s8ufLxuwNk=",
      "requires": {
        "wordwrap": "~0.0.2"
      }
    },
    "wordwrap": {
      "version": "0.0.3",
      "resolved": "https://registry.npmjs.org/wordwrap/-/wordwrap-0.0.3.tgz",
      "integrity": "sha1-o9XabNXAvAAI03I0u68b7WMFkQc="
    }
  }
}
