# THIS IS AN AUTOGENERATED FILE. DO NOT EDIT THIS FILE DIRECTLY.
# yarn lockfile v1


bulma-modal-fx@^1.1.1:
  version "1.1.1"
  resolved "https://registry.yarnpkg.com/bulma-modal-fx/-/bulma-modal-fx-1.1.1.tgz#36e1a800cf25e37bbd3963f2ed3136612c8a350a"
  integrity sha512-Ma1e/uczogPd0MzpeOsYJau1ocavO2wlnGg1ZVg+/mrsKyeasrdtyfbOH1kRdzqCH9DMrZAw7WEW0Oa3lKr6Fw==

bulma@^0.9.0:
  version "0.9.0"
  resolved "https://registry.yarnpkg.com/bulma/-/bulma-0.9.0.tgz#948c5445a49e9d7546f0826cb3820d17178a814f"
  integrity sha512-rV75CJkubNUroAt0qCRkjznZLoaXq/ctfMXsMvKSL84UetbSyx5REl96e8GoQ04G4Tkw0XF3STECffTOQrbzOQ==
