{
  "name": "test_client",
  "version": "1.0.0",
  "lockfileVersion": 2,
  "requires": true,
  "packages": {
    "": {
      "name": "test_client",
      "version": "1.0.0",
      "license": "ISC",
      "dependencies": {
        "node-fetch-cjs": "^3.2.10"
      }
    },
    "node_modules/node-fetch-cjs": {
      "version": "3.2.10",
      "resolved": "https://registry.npmjs.org/node-fetch-cjs/-/node-fetch-cjs-3.2.10.tgz",
      "integrity": "sha512-YNFkGjcTGGZKvUuYyf6Kv9yQ+UOx1Ce8doWQeqleKL4EWk1s/sYu5AAXtigRlSDpLYGnr0qk1kaADJbgCEFBEw==",
      "engines": {
        "node": "^12.20.0 || ^14.13.1 || >=16.0.0"
      },
      "funding": {
        "type": "opencollective",
        "url": "https://opencollective.com/node-fetch"
      }
    }
  },
  "dependencies": {
    "node-fetch-cjs": {
      "version": "3.2.10",
      "resolved": "https://registry.npmjs.org/node-fetch-cjs/-/node-fetch-cjs-3.2.10.tgz",
      "integrity": "sha512-YNFkGjcTGGZKvUuYyf6Kv9yQ+UOx1Ce8doWQeqleKL4EWk1s/sYu5AAXtigRlSDpLYGnr0qk1kaADJbgCEFBEw=="
    }
  }
}
